// !$*UTF8*$!
{
	archiveVersion = 1;
	classes = {
	};
	objectVersion = 56;
	objects = {

/* Begin PBXBuildFile section */
		9F50C052291B1B0C00D583F8 /* AppDelegate.swift in Sources */ = {isa = PBXBuildFile; fileRef = 9F50C051291B1B0C00D583F8 /* AppDelegate.swift */; };
		9F50C054291B1B0C00D583F8 /* art.scnassets in Resources */ = {isa = PBXBuildFile; fileRef = 9F50C053291B1B0C00D583F8 /* art.scnassets */; };
		9F50C056291B1B0C00D583F8 /* ViewController.swift in Sources */ = {isa = PBXBuildFile; fileRef = 9F50C055291B1B0C00D583F8 /* ViewController.swift */; };
		9F50C059291B1B0C00D583F8 /* Main.storyboard in Resources */ = {isa = PBXBuildFile; fileRef = 9F50C057291B1B0C00D583F8 /* Main.storyboard */; };
		9F50C05B291B1B0D00D583F8 /* Assets.xcassets in Resources */ = {isa = PBXBuildFile; fileRef = 9F50C05A291B1B0D00D583F8 /* Assets.xcassets */; };
		9F50C05E291B1B0D00D583F8 /* LaunchScreen.storyboard in Resources */ = {isa = PBXBuildFile; fileRef = 9F50C05C291B1B0D00D583F8 /* LaunchScreen.storyboard */; };
		9F50C068291B1B0D00D583F8 /* AR_TemplateTests.swift in Sources */ = {isa = PBXBuildFile; fileRef = 9F50C067291B1B0D00D583F8 /* AR_TemplateTests.swift */; };
		9F50C072291B1B0D00D583F8 /* AR_TemplateUITests.swift in Sources */ = {isa = PBXBuildFile; fileRef = 9F50C071291B1B0D00D583F8 /* AR_TemplateUITests.swift */; };
		9F50C074291B1B0D00D583F8 /* AR_TemplateUITestsLaunchTests.swift in Sources */ = {isa = PBXBuildFile; fileRef = 9F50C073291B1B0D00D583F8 /* AR_TemplateUITestsLaunchTests.swift */; };
/* End PBXBuildFile section */

/* Begin PBXContainerItemProxy section */
		9F50C064291B1B0D00D583F8 /* PBXContainerItemProxy */ = {
			isa = PBXContainerItemProxy;
			containerPortal = 9F50C046291B1B0C00D583F8 /* Project object */;
			proxyType = 1;
			remoteGlobalIDString = 9F50C04D291B1B0C00D583F8;
			remoteInfo = "AR-Template";
		};
		9F50C06E291B1B0D00D583F8 /* PBXContainerItemProxy */ = {
			isa = PBXContainerItemProxy;
			containerPortal = 9F50C046291B1B0C00D583F8 /* Project object */;
			proxyType = 1;
			remoteGlobalIDString = 9F50C04D291B1B0C00D583F8;
			remoteInfo = "AR-Template";
		};
/* End PBXContainerItemProxy section */

/* Begin PBXFileReference section */
		9F50C04E291B1B0C00D583F8 /* AR-Template.app */ = {isa = PBXFileReference; explicitFileType = wrapper.application; includeInIndex = 0; path = "AR-Template.app"; sourceTree = BUILT_PRODUCTS_DIR; };
		9F50C051291B1B0C00D583F8 /* AppDelegate.swift */ = {isa = PBXFileReference; lastKnownFileType = sourcecode.swift; path = AppDelegate.swift; sourceTree = "<group>"; };
		9F50C053291B1B0C00D583F8 /* art.scnassets */ = {isa = PBXFileReference; lastKnownFileType = wrapper.scnassets; path = art.scnassets; sourceTree = "<group>"; };
		9F50C055291B1B0C00D583F8 /* ViewController.swift */ = {isa = PBXFileReference; lastKnownFileType = sourcecode.swift; path = ViewController.swift; sourceTree = "<group>"; };
		9F50C058291B1B0C00D583F8 /* Base */ = {isa = PBXFileReference; lastKnownFileType = file.storyboard; name = Base; path = Base.lproj/Main.storyboard; sourceTree = "<group>"; };
		9F50C05A291B1B0D00D583F8 /* Assets.xcassets */ = {isa = PBXFileReference; lastKnownFileType = folder.assetcatalog; path = Assets.xcassets; sourceTree = "<group>"; };
		9F50C05D291B1B0D00D583F8 /* Base */ = {isa = PBXFileReference; lastKnownFileType = file.storyboard; name = Base; path = Base.lproj/LaunchScreen.storyboard; sourceTree = "<group>"; };
		9F50C063291B1B0D00D583F8 /* AR-TemplateTests.xctest */ = {isa = PBXFileReference; explicitFileType = wrapper.cfbundle; includeInIndex = 0; path = "AR-TemplateTests.xctest"; sourceTree = BUILT_PRODUCTS_DIR; };
		9F50C067291B1B0D00D583F8 /* AR_TemplateTests.swift */ = {isa = PBXFileReference; lastKnownFileType = sourcecode.swift; path = AR_TemplateTests.swift; sourceTree = "<group>"; };
		9F50C06D291B1B0D00D583F8 /* AR-TemplateUITests.xctest */ = {isa = PBXFileReference; explicitFileType = wrapper.cfbundle; includeInIndex = 0; path = "AR-TemplateUITests.xctest"; sourceTree = BUILT_PRODUCTS_DIR; };
		9F50C071291B1B0D00D583F8 /* AR_TemplateUITests.swift */ = {isa = PBXFileReference; lastKnownFileType = sourcecode.swift; path = AR_TemplateUITests.swift; sourceTree = "<group>"; };
		9F50C073291B1B0D00D583F8 /* AR_TemplateUITestsLaunchTests.swift */ = {isa = PBXFileReference; lastKnownFileType = sourcecode.swift; path = AR_TemplateUITestsLaunchTests.swift; sourceTree = "<group>"; };
/* End PBXFileReference section */

/* Begin PBXFrameworksBuildPhase section */
		9F50C04B291B1B0C00D583F8 /* Frameworks */ = {
			isa = PBXFrameworksBuildPhase;
			buildActionMask = 2147483647;
			files = (
			);
			runOnlyForDeploymentPostprocessing = 0;
		};
		9F50C060291B1B0D00D583F8 /* Frameworks */ = {
			isa = PBXFrameworksBuildPhase;
			buildActionMask = 2147483647;
			files = (
			);
			runOnlyForDeploymentPostprocessing = 0;
		};
		9F50C06A291B1B0D00D583F8 /* Frameworks */ = {
			isa = PBXFrameworksBuildPhase;
			buildActionMask = 2147483647;
			files = (
			);
			runOnlyForDeploymentPostprocessing = 0;
		};
/* End PBXFrameworksBuildPhase section */

/* Begin PBXGroup section */
		9F50C045291B1B0C00D583F8 = {
			isa = PBXGroup;
			children = (
				9F50C050291B1B0C00D583F8 /* AR-Template */,
				9F50C066291B1B0D00D583F8 /* AR-TemplateTests */,
				9F50C070291B1B0D00D583F8 /* AR-TemplateUITests */,
				9F50C04F291B1B0C00D583F8 /* Products */,
			);
			sourceTree = "<group>";
		};
		9F50C04F291B1B0C00D583F8 /* Products */ = {
			isa = PBXGroup;
			children = (
				9F50C04E291B1B0C00D583F8 /* AR-Template.app */,
				9F50C063291B1B0D00D583F8 /* AR-TemplateTests.xctest */,
				9F50C06D291B1B0D00D583F8 /* AR-TemplateUITests.xctest */,
			);
			name = Products;
			sourceTree = "<group>";
		};
		9F50C050291B1B0C00D583F8 /* AR-Template */ = {
			isa = PBXGroup;
			children = (
				9F50C051291B1B0C00D583F8 /* AppDelegate.swift */,
				9F50C053291B1B0C00D583F8 /* art.scnassets */,
				9F50C055291B1B0C00D583F8 /* ViewController.swift */,
				9F50C057291B1B0C00D583F8 /* Main.storyboard */,
				9F50C05A291B1B0D00D583F8 /* Assets.xcassets */,
				9F50C05C291B1B0D00D583F8 /* LaunchScreen.storyboard */,
			);
			path = "AR-Template";
			sourceTree = "<group>";
		};
		9F50C066291B1B0D00D583F8 /* AR-TemplateTests */ = {
			isa = PBXGroup;
			children = (
				9F50C067291B1B0D00D583F8 /* AR_TemplateTests.swift */,
			);
			path = "AR-TemplateTests";
			sourceTree = "<group>";
		};
		9F50C070291B1B0D00D583F8 /* AR-TemplateUITests */ = {
			isa = PBXGroup;
			children = (
				9F50C071291B1B0D00D583F8 /* AR_TemplateUITests.swift */,
				9F50C073291B1B0D00D583F8 /* AR_TemplateUITestsLaunchTests.swift */,
			);
			path = "AR-TemplateUITests";
			sourceTree = "<group>";
		};
/* End PBXGroup section */

/* Begin PBXNativeTarget section */
		9F50C04D291B1B0C00D583F8 /* AR-Template */ = {
			isa = PBXNativeTarget;
			buildConfigurationList = 9F50C077291B1B0D00D583F8 /* Build configuration list for PBXNativeTarget "AR-Template" */;
			buildPhases = (
				9F50C04A291B1B0C00D583F8 /* Sources */,
				9F50C04B291B1B0C00D583F8 /* Frameworks */,
				9F50C04C291B1B0C00D583F8 /* Resources */,
			);
			buildRules = (
			);
			dependencies = (
			);
			name = "AR-Template";
			productName = "AR-Template";
			productReference = 9F50C04E291B1B0C00D583F8 /* AR-Template.app */;
			productType = "com.apple.product-type.application";
		};
		9F50C062291B1B0D00D583F8 /* AR-TemplateTests */ = {
			isa = PBXNativeTarget;
			buildConfigurationList = 9F50C07A291B1B0D00D583F8 /* Build configuration list for PBXNativeTarget "AR-TemplateTests" */;
			buildPhases = (
				9F50C05F291B1B0D00D583F8 /* Sources */,
				9F50C060291B1B0D00D583F8 /* Frameworks */,
				9F50C061291B1B0D00D583F8 /* Resources */,
			);
			buildRules = (
			);
			dependencies = (
				9F50C065291B1B0D00D583F8 /* PBXTargetDependency */,
			);
			name = "AR-TemplateTests";
			productName = "AR-TemplateTests";
			productReference = 9F50C063291B1B0D00D583F8 /* AR-TemplateTests.xctest */;
			productType = "com.apple.product-type.bundle.unit-test";
		};
		9F50C06C291B1B0D00D583F8 /* AR-TemplateUITests */ = {
			isa = PBXNativeTarget;
			buildConfigurationList = 9F50C07D291B1B0D00D583F8 /* Build configuration list for PBXNativeTarget "AR-TemplateUITests" */;
			buildPhases = (
				9F50C069291B1B0D00D583F8 /* Sources */,
				9F50C06A291B1B0D00D583F8 /* Frameworks */,
				9F50C06B291B1B0D00D583F8 /* Resources */,
			);
			buildRules = (
			);
			dependencies = (
				9F50C06F291B1B0D00D583F8 /* PBXTargetDependency */,
			);
			name = "AR-TemplateUITests";
			productName = "AR-TemplateUITests";
			productReference = 9F50C06D291B1B0D00D583F8 /* AR-TemplateUITests.xctest */;
			productType = "com.apple.product-type.bundle.ui-testing";
		};
/* End PBXNativeTarget section */

/* Begin PBXProject section */
		9F50C046291B1B0C00D583F8 /* Project object */ = {
			isa = PBXProject;
			attributes = {
				BuildIndependentTargetsInParallel = 1;
				LastSwiftUpdateCheck = 1400;
				LastUpgradeCheck = 1400;
				TargetAttributes = {
					9F50C04D291B1B0C00D583F8 = {
						CreatedOnToolsVersion = 14.0.1;
					};
					9F50C062291B1B0D00D583F8 = {
						CreatedOnToolsVersion = 14.0.1;
						TestTargetID = 9F50C04D291B1B0C00D583F8;
					};
					9F50C06C291B1B0D00D583F8 = {
						CreatedOnToolsVersion = 14.0.1;
						TestTargetID = 9F50C04D291B1B0C00D583F8;
					};
				};
			};
			buildConfigurationList = 9F50C049291B1B0C00D583F8 /* Build configuration list for PBXProject "AR-Template" */;
			compatibilityVersion = "Xcode 14.0";
			developmentRegion = en;
			hasScannedForEncodings = 0;
			knownRegions = (
				en,
				Base,
			);
			mainGroup = 9F50C045291B1B0C00D583F8;
			productRefGroup = 9F50C04F291B1B0C00D583F8 /* Products */;
			projectDirPath = "";
			projectRoot = "";
			targets = (
				9F50C04D291B1B0C00D583F8 /* AR-Template */,
				9F50C062291B1B0D00D583F8 /* AR-TemplateTests */,
				9F50C06C291B1B0D00D583F8 /* AR-TemplateUITests */,
			);
		};
/* End PBXProject section */

/* Begin PBXResourcesBuildPhase section */
		9F50C04C291B1B0C00D583F8 /* Resources */ = {
			isa = PBXResourcesBuildPhase;
			buildActionMask = 2147483647;
			files = (
				9F50C054291B1B0C00D583F8 /* art.scnassets in Resources */,
				9F50C05E291B1B0D00D583F8 /* LaunchScreen.storyboard in Resources */,
				9F50C05B291B1B0D00D583F8 /* Assets.xcassets in Resources */,
				9F50C059291B1B0C00D583F8 /* Main.storyboard in Resources */,
			);
			runOnlyForDeploymentPostprocessing = 0;
		};
		9F50C061291B1B0D00D583F8 /* Resources */ = {
			isa = PBXResourcesBuildPhase;
			buildActionMask = 2147483647;
			files = (
			);
			runOnlyForDeploymentPostprocessing = 0;
		};
		9F50C06B291B1B0D00D583F8 /* Resources */ = {
			isa = PBXResourcesBuildPhase;
			buildActionMask = 2147483647;
			files = (
			);
			runOnlyForDeploymentPostprocessing = 0;
		};
/* End PBXResourcesBuildPhase section */

/* Begin PBXSourcesBuildPhase section */
		9F50C04A291B1B0C00D583F8 /* Sources */ = {
			isa = PBXSourcesBuildPhase;
			buildActionMask = 2147483647;
			files = (
				9F50C056291B1B0C00D583F8 /* ViewController.swift in Sources */,
				9F50C052291B1B0C00D583F8 /* AppDelegate.swift in Sources */,
			);
			runOnlyForDeploymentPostprocessing = 0;
		};
		9F50C05F291B1B0D00D583F8 /* Sources */ = {
			isa = PBXSourcesBuildPhase;
			buildActionMask = 2147483647;
			files = (
				9F50C068291B1B0D00D583F8 /* AR_TemplateTests.swift in Sources */,
			);
			runOnlyForDeploymentPostprocessing = 0;
		};
		9F50C069291B1B0D00D583F8 /* Sources */ = {
			isa = PBXSourcesBuildPhase;
			buildActionMask = 2147483647;
			files = (
				9F50C072291B1B0D00D583F8 /* AR_TemplateUITests.swift in Sources */,
				9F50C074291B1B0D00D583F8 /* AR_TemplateUITestsLaunchTests.swift in Sources */,
			);
			runOnlyForDeploymentPostprocessing = 0;
		};
/* End PBXSourcesBuildPhase section */

/* Begin PBXTargetDependency section */
		9F50C065291B1B0D00D583F8 /* PBXTargetDependency */ = {
			isa = PBXTargetDependency;
			target = 9F50C04D291B1B0C00D583F8 /* AR-Template */;
			targetProxy = 9F50C064291B1B0D00D583F8 /* PBXContainerItemProxy */;
		};
		9F50C06F291B1B0D00D583F8 /* PBXTargetDependency */ = {
			isa = PBXTargetDependency;
			target = 9F50C04D291B1B0C00D583F8 /* AR-Template */;
			targetProxy = 9F50C06E291B1B0D00D583F8 /* PBXContainerItemProxy */;
		};
/* End PBXTargetDependency section */

/* Begin PBXVariantGroup section */
		9F50C057291B1B0C00D583F8 /* Main.storyboard */ = {
			isa = PBXVariantGroup;
			children = (
				9F50C058291B1B0C00D583F8 /* Base */,
			);
			name = Main.storyboard;
			sourceTree = "<group>";
		};
		9F50C05C291B1B0D00D583F8 /* LaunchScreen.storyboard */ = {
			isa = PBXVariantGroup;
			children = (
				9F50C05D291B1B0D00D583F8 /* Base */,
			);
			name = LaunchScreen.storyboard;
			sourceTree = "<group>";
		};
/* End PBXVariantGroup section */

/* Begin XCBuildConfiguration section */
		9F50C075291B1B0D00D583F8 /* Debug */ = {
			isa = XCBuildConfiguration;
			buildSettings = {
				ALWAYS_SEARCH_USER_PATHS = NO;
				CLANG_ANALYZER_NONNULL = YES;
				CLANG_ANALYZER_NUMBER_OBJECT_CONVERSION = YES_AGGRESSIVE;
				CLANG_CXX_LANGUAGE_STANDARD = "gnu++20";
				CLANG_ENABLE_MODULES = YES;
				CLANG_ENABLE_OBJC_ARC = YES;
				CLANG_ENABLE_OBJC_WEAK = YES;
				CLANG_WARN_BLOCK_CAPTURE_AUTORELEASING = YES;
				CLANG_WARN_BOOL_CONVERSION = YES;
				CLANG_WARN_COMMA = YES;
				CLANG_WARN_CONSTANT_CONVERSION = YES;
				CLANG_WARN_DEPRECATED_OBJC_IMPLEMENTATIONS = YES;
				CLANG_WARN_DIRECT_OBJC_ISA_USAGE = YES_ERROR;
				CLANG_WARN_DOCUMENTATION_COMMENTS = YES;
				CLANG_WARN_EMPTY_BODY = YES;
				CLANG_WARN_ENUM_CONVERSION = YES;
				CLANG_WARN_INFINITE_RECURSION = YES;
				CLANG_WARN_INT_CONVERSION = YES;
				CLANG_WARN_NON_LITERAL_NULL_CONVERSION = YES;
				CLANG_WARN_OBJC_IMPLICIT_RETAIN_SELF = YES;
				CLANG_WARN_OBJC_LITERAL_CONVERSION = YES;
				CLANG_WARN_OBJC_ROOT_CLASS = YES_ERROR;
				CLANG_WARN_QUOTED_INCLUDE_IN_FRAMEWORK_HEADER = YES;
				CLANG_WARN_RANGE_LOOP_ANALYSIS = YES;
				CLANG_WARN_STRICT_PROTOTYPES = YES;
				CLANG_WARN_SUSPICIOUS_MOVE = YES;
				CLANG_WARN_UNGUARDED_AVAILABILITY = YES_AGGRESSIVE;
				CLANG_WARN_UNREACHABLE_CODE = YES;
				CLANG_WARN__DUPLICATE_METHOD_MATCH = YES;
				COPY_PHASE_STRIP = NO;
				DEBUG_INFORMATION_FORMAT = dwarf;
				ENABLE_STRICT_OBJC_MSGSEND = YES;
				ENABLE_TESTABILITY = YES;
				GCC_C_LANGUAGE_STANDARD = gnu11;
				GCC_DYNAMIC_NO_PIC = NO;
				GCC_NO_COMMON_BLOCKS = YES;
				GCC_OPTIMIZATION_LEVEL = 0;
				GCC_PREPROCESSOR_DEFINITIONS = (
					"DEBUG=1",
					"$(inherited)",
				);
				GCC_WARN_64_TO_32_BIT_CONVERSION = YES;
				GCC_WARN_ABOUT_RETURN_TYPE = YES_ERROR;
				GCC_WARN_UNDECLARED_SELECTOR = YES;
				GCC_WARN_UNINITIALIZED_AUTOS = YES_AGGRESSIVE;
				GCC_WARN_UNUSED_FUNCTION = YES;
				GCC_WARN_UNUSED_VARIABLE = YES;
				IPHONEOS_DEPLOYMENT_TARGET = 16.0;
				MTL_ENABLE_DEBUG_INFO = INCLUDE_SOURCE;
				MTL_FAST_MATH = YES;
				ONLY_ACTIVE_ARCH = YES;
				SDKROOT = iphoneos;
				SWIFT_ACTIVE_COMPILATION_CONDITIONS = DEBUG;
				SWIFT_OPTIMIZATION_LEVEL = "-Onone";
			};
			name = Debug;
		};
		9F50C076291B1B0D00D583F8 /* Release */ = {
			isa = XCBuildConfiguration;
			buildSettings = {
				ALWAYS_SEARCH_USER_PATHS = NO;
				CLANG_ANALYZER_NONNULL = YES;
				CLANG_ANALYZER_NUMBER_OBJECT_CONVERSION = YES_AGGRESSIVE;
				CLANG_CXX_LANGUAGE_STANDARD = "gnu++20";
				CLANG_ENABLE_MODULES = YES;
				CLANG_ENABLE_OBJC_ARC = YES;
				CLANG_ENABLE_OBJC_WEAK = YES;
				CLANG_WARN_BLOCK_CAPTURE_AUTORELEASING = YES;
				CLANG_WARN_BOOL_CONVERSION = YES;
				CLANG_WARN_COMMA = YES;
				CLANG_WARN_CONSTANT_CONVERSION = YES;
				CLANG_WARN_DEPRECATED_OBJC_IMPLEMENTATIONS = YES;
				CLANG_WARN_DIRECT_OBJC_ISA_USAGE = YES_ERROR;
				CLANG_WARN_DOCUMENTATION_COMMENTS = YES;
				CLANG_WARN_EMPTY_BODY = YES;
				CLANG_WARN_ENUM_CONVERSION = YES;
				CLANG_WARN_INFINITE_RECURSION = YES;
				CLANG_WARN_INT_CONVERSION = YES;
				CLANG_WARN_NON_LITERAL_NULL_CONVERSION = YES;
				CLANG_WARN_OBJC_IMPLICIT_RETAIN_SELF = YES;
				CLANG_WARN_OBJC_LITERAL_CONVERSION = YES;
				CLANG_WARN_OBJC_ROOT_CLASS = YES_ERROR;
				CLANG_WARN_QUOTED_INCLUDE_IN_FRAMEWORK_HEADER = YES;
				CLANG_WARN_RANGE_LOOP_ANALYSIS = YES;
				CLANG_WARN_STRICT_PROTOTYPES = YES;
				CLANG_WARN_SUSPICIOUS_MOVE = YES;
				CLANG_WARN_UNGUARDED_AVAILABILITY = YES_AGGRESSIVE;
				CLANG_WARN_UNREACHABLE_CODE = YES;
				CLANG_WARN__DUPLICATE_METHOD_MATCH = YES;
				COPY_PHASE_STRIP = NO;
				DEBUG_INFORMATION_FORMAT = "dwarf-with-dsym";
				ENABLE_NS_ASSERTIONS = NO;
				ENABLE_STRICT_OBJC_MSGSEND = YES;
				GCC_C_LANGUAGE_STANDARD = gnu11;
				GCC_NO_COMMON_BLOCKS = YES;
				GCC_WARN_64_TO_32_BIT_CONVERSION = YES;
				GCC_WARN_ABOUT_RETURN_TYPE = YES_ERROR;
				GCC_WARN_UNDECLARED_SELECTOR = YES;
				GCC_WARN_UNINITIALIZED_AUTOS = YES_AGGRESSIVE;
				GCC_WARN_UNUSED_FUNCTION = YES;
				GCC_WARN_UNUSED_VARIABLE = YES;
				IPHONEOS_DEPLOYMENT_TARGET = 16.0;
				MTL_ENABLE_DEBUG_INFO = NO;
				MTL_FAST_MATH = YES;
				SDKROOT = iphoneos;
				SWIFT_COMPILATION_MODE = wholemodule;
				SWIFT_OPTIMIZATION_LEVEL = "-O";
				VALIDATE_PRODUCT = YES;
			};
			name = Release;
		};
		9F50C078291B1B0D00D583F8 /* Debug */ = {
			isa = XCBuildConfiguration;
			buildSettings = {
				ASSETCATALOG_COMPILER_APPICON_NAME = AppIcon;
				ASSETCATALOG_COMPILER_GLOBAL_ACCENT_COLOR_NAME = AccentColor;
				CODE_SIGN_STYLE = Automatic;
				CURRENT_PROJECT_VERSION = 1;
				GENERATE_INFOPLIST_FILE = YES;
				INFOPLIST_KEY_NSCameraUsageDescription = "";
				INFOPLIST_KEY_UIApplicationSupportsIndirectInputEvents = YES;
				INFOPLIST_KEY_UILaunchStoryboardName = LaunchScreen;
				INFOPLIST_KEY_UIMainStoryboardFile = Main;
				INFOPLIST_KEY_UIRequiredDeviceCapabilities = arkit;
				INFOPLIST_KEY_UIStatusBarHidden = YES;
				INFOPLIST_KEY_UISupportedInterfaceOrientations_iPad = "UIInterfaceOrientationPortrait UIInterfaceOrientationPortraitUpsideDown UIInterfaceOrientationLandscapeLeft UIInterfaceOrientationLandscapeRight";
				INFOPLIST_KEY_UISupportedInterfaceOrientations_iPhone = "UIInterfaceOrientationPortrait UIInterfaceOrientationLandscapeLeft UIInterfaceOrientationLandscapeRight";
				LD_RUNPATH_SEARCH_PATHS = (
					"$(inherited)",
					"@executable_path/Frameworks",
				);
				MARKETING_VERSION = 1.0;
				PRODUCT_BUNDLE_IDENTIFIER = "iCoelho.AR-Template";
				PRODUCT_NAME = "$(TARGET_NAME)";
				SWIFT_EMIT_LOC_STRINGS = YES;
				SWIFT_VERSION = 5.0;
				TARGETED_DEVICE_FAMILY = "1,2";
			};
			name = Debug;
		};
		9F50C079291B1B0D00D583F8 /* Release */ = {
			isa = XCBuildConfiguration;
			buildSettings = {
				ASSETCATALOG_COMPILER_APPICON_NAME = AppIcon;
				ASSETCATALOG_COMPILER_GLOBAL_ACCENT_COLOR_NAME = AccentColor;
				CODE_SIGN_STYLE = Automatic;
				CURRENT_PROJECT_VERSION = 1;
				GENERATE_INFOPLIST_FILE = YES;
				INFOPLIST_KEY_NSCameraUsageDescription = "";
				INFOPLIST_KEY_UIApplicationSupportsIndirectInputEvents = YES;
				INFOPLIST_KEY_UILaunchStoryboardName = LaunchScreen;
				INFOPLIST_KEY_UIMainStoryboardFile = Main;
				INFOPLIST_KEY_UIRequiredDeviceCapabilities = arkit;
				INFOPLIST_KEY_UIStatusBarHidden = YES;
				INFOPLIST_KEY_UISupportedInterfaceOrientations_iPad = "UIInterfaceOrientationPortrait UIInterfaceOrientationPortraitUpsideDown UIInterfaceOrientationLandscapeLeft UIInterfaceOrientationLandscapeRight";
				INFOPLIST_KEY_UISupportedInterfaceOrientations_iPhone = "UIInterfaceOrientationPortrait UIInterfaceOrientationLandscapeLeft UIInterfaceOrientationLandscapeRight";
				LD_RUNPATH_SEARCH_PATHS = (
					"$(inherited)",
					"@executable_path/Frameworks",
				);
				MARKETING_VERSION = 1.0;
				PRODUCT_BUNDLE_IDENTIFIER = "iCoelho.AR-Template";
				PRODUCT_NAME = "$(TARGET_NAME)";
				SWIFT_EMIT_LOC_STRINGS = YES;
				SWIFT_VERSION = 5.0;
				TARGETED_DEVICE_FAMILY = "1,2";
			};
			name = Release;
		};
		9F50C07B291B1B0D00D583F8 /* Debug */ = {
			isa = XCBuildConfiguration;
			buildSettings = {
				ALWAYS_EMBED_SWIFT_STANDARD_LIBRARIES = YES;
				BUNDLE_LOADER = "$(TEST_HOST)";
				CODE_SIGN_STYLE = Automatic;
				CURRENT_PROJECT_VERSION = 1;
				GENERATE_INFOPLIST_FILE = YES;
				IPHONEOS_DEPLOYMENT_TARGET = 16.0;
				MARKETING_VERSION = 1.0;
				PRODUCT_BUNDLE_IDENTIFIER = "iCoelho.AR-TemplateTests";
				PRODUCT_NAME = "$(TARGET_NAME)";
				SWIFT_EMIT_LOC_STRINGS = NO;
				SWIFT_VERSION = 5.0;
				TARGETED_DEVICE_FAMILY = "1,2";
				TEST_HOST = "$(BUILT_PRODUCTS_DIR)/AR-Template.app/$(BUNDLE_EXECUTABLE_FOLDER_PATH)/AR-Template";
			};
			name = Debug;
		};
		9F50C07C291B1B0D00D583F8 /* Release */ = {
			isa = XCBuildConfiguration;
			buildSettings = {
				ALWAYS_EMBED_SWIFT_STANDARD_LIBRARIES = YES;
				BUNDLE_LOADER = "$(TEST_HOST)";
				CODE_SIGN_STYLE = Automatic;
				CURRENT_PROJECT_VERSION = 1;
				GENERATE_INFOPLIST_FILE = YES;
				IPHONEOS_DEPLOYMENT_TARGET = 16.0;
				MARKETING_VERSION = 1.0;
				PRODUCT_BUNDLE_IDENTIFIER = "iCoelho.AR-TemplateTests";
				PRODUCT_NAME = "$(TARGET_NAME)";
				SWIFT_EMIT_LOC_STRINGS = NO;
				SWIFT_VERSION = 5.0;
				TARGETED_DEVICE_FAMILY = "1,2";
				TEST_HOST = "$(BUILT_PRODUCTS_DIR)/AR-Template.app/$(BUNDLE_EXECUTABLE_FOLDER_PATH)/AR-Template";
			};
			name = Release;
		};
		9F50C07E291B1B0D00D583F8 /* Debug */ = {
			isa = XCBuildConfiguration;
			buildSettings = {
				ALWAYS_EMBED_SWIFT_STANDARD_LIBRARIES = YES;
				CODE_SIGN_STYLE = Automatic;
				CURRENT_PROJECT_VERSION = 1;
				GENERATE_INFOPLIST_FILE = YES;
				MARKETING_VERSION = 1.0;
				PRODUCT_BUNDLE_IDENTIFIER = "iCoelho.AR-TemplateUITests";
				PRODUCT_NAME = "$(TARGET_NAME)";
				SWIFT_EMIT_LOC_STRINGS = NO;
				SWIFT_VERSION = 5.0;
				TARGETED_DEVICE_FAMILY = "1,2";
				TEST_TARGET_NAME = "AR-Template";
			};
			name = Debug;
		};
		9F50C07F291B1B0D00D583F8 /* Release */ = {
			isa = XCBuildConfiguration;
			buildSettings = {
				ALWAYS_EMBED_SWIFT_STANDARD_LIBRARIES = YES;
				CODE_SIGN_STYLE = Automatic;
				CURRENT_PROJECT_VERSION = 1;
				GENERATE_INFOPLIST_FILE = YES;
				MARKETING_VERSION = 1.0;
				PRODUCT_BUNDLE_IDENTIFIER = "iCoelho.AR-TemplateUITests";
				PRODUCT_NAME = "$(TARGET_NAME)";
				SWIFT_EMIT_LOC_STRINGS = NO;
				SWIFT_VERSION = 5.0;
				TARGETED_DEVICE_FAMILY = "1,2";
				TEST_TARGET_NAME = "AR-Template";
			};
			name = Release;
		};
/* End XCBuildConfiguration section */

/* Begin XCConfigurationList section */
		9F50C049291B1B0C00D583F8 /* Build configuration list for PBXProject "AR-Template" */ = {
			isa = XCConfigurationList;
			buildConfigurations = (
				9F50C075291B1B0D00D583F8 /* Debug */,
				9F50C076291B1B0D00D583F8 /* Release */,
			);
			defaultConfigurationIsVisible = 0;
			defaultConfigurationName = Release;
		};
		9F50C077291B1B0D00D583F8 /* Build configuration list for PBXNativeTarget "AR-Template" */ = {
			isa = XCConfigurationList;
			buildConfigurations = (
				9F50C078291B1B0D00D583F8 /* Debug */,
				9F50C079291B1B0D00D583F8 /* Release */,
			);
			defaultConfigurationIsVisible = 0;
			defaultConfigurationName = Release;
		};
		9F50C07A291B1B0D00D583F8 /* Build configuration list for PBXNativeTarget "AR-TemplateTests" */ = {
			isa = XCConfigurationList;
			buildConfigurations = (
				9F50C07B291B1B0D00D583F8 /* Debug */,
				9F50C07C291B1B0D00D583F8 /* Release */,
			);
			defaultConfigurationIsVisible = 0;
			defaultConfigurationName = Release;
		};
		9F50C07D291B1B0D00D583F8 /* Build configuration list for PBXNativeTarget "AR-TemplateUITests" */ = {
			isa = XCConfigurationList;
			buildConfigurations = (
				9F50C07E291B1B0D00D583F8 /* Debug */,
				9F50C07F291B1B0D00D583F8 /* Release */,
			);
			defaultConfigurationIsVisible = 0;
			defaultConfigurationName = Release;
		};
/* End XCConfigurationList section */
	};
	rootObject = 9F50C046291B1B0C00D583F8 /* Project object */;
}
